{
    "_readme": [
        "This file locks the dependencies of your project to a known state",
        "Read more about it at https://getcomposer.org/doc/01-basic-usage.md#composer-lock-the-lock-file",
        "This file is @generated automatically"
    ],
    "hash": "316357e9883eb6880215dc6def320bd1",
    "content-hash": "475463731bed9f9c784c6cc822faccdc",
    "packages": [
        {
            "name": "arbiter/arbiter",
            "version": "0.1.0",
            "source": {
                "type": "git",
                "url": "https://github.com/arbiterphp/Arbiter.Arbiter.git",
                "reference": "8deb1bb91bc62d604b106deea2b20fd479c076d1"
            },
            "dist": {
                "type": "zip",
                "url": "https://api.github.com/repos/arbiterphp/Arbiter.Arbiter/zipball/8deb1bb91bc62d604b106deea2b20fd479c076d1",
                "reference": "8deb1bb91bc62d604b106deea2b20fd479c076d1",
                "shasum": ""
            },
            "require": {
                "php": ">=5.5.0",
                "psr/http-message": "~1.0"
            },
            "require-dev": {
                "zendframework/zend-diactoros": "~1.0"
            },
            "type": "library",
            "autoload": {
                "psr-4": {
                    "Arbiter\\": "src/"
                }
            },
            "notification-url": "https://packagist.org/downloads/",
            "license": [
                "MIT"
            ],
            "authors": [
                {
                    "name": "Arbiter.Arbiter Contributors",
                    "homepage": "https://github.com/arbiterphp/Arbiter.Arbiter/contributors"
                }
            ],
            "description": "A PSR-7 Action system for Action-Domain-Responder.",
            "homepage": "https://github.com/arbiterphp/Arbiter.Arbiter",
            "keywords": [
                "action domain responder",
                "adr",
                "middleware",
                "psr-7"
            ],
            "time": "2015-06-25 14:21:40"
        },
        {
            "name": "nikic/fast-route",
            "version": "v0.6.0",
            "source": {
                "type": "git",
                "url": "https://github.com/nikic/FastRoute.git",
                "reference": "31fa86924556b80735f98b294a7ffdfb26789f22"
            },
            "dist": {
                "type": "zip",
                "url": "https://api.github.com/repos/nikic/FastRoute/zipball/31fa86924556b80735f98b294a7ffdfb26789f22",
                "reference": "31fa86924556b80735f98b294a7ffdfb26789f22",
                "shasum": ""
            },
            "require": {
                "php": ">=5.4.0"
            },
            "type": "library",
            "autoload": {
                "psr-4": {
                    "FastRoute\\": "src/"
                },
                "files": [
                    "src/functions.php"
                ]
            },
            "notification-url": "https://packagist.org/downloads/",
            "license": [
                "BSD-3-Clause"
            ],
            "authors": [
                {
                    "name": "Nikita Popov",
                    "email": "nikic@php.net"
                }
            ],
            "description": "Fast request router for PHP",
            "keywords": [
                "router",
                "routing"
            ],
            "time": "2015-06-18 19:15:47"
        },
        {
            "name": "psr/http-message",
            "version": "1.0",
            "source": {
                "type": "git",
                "url": "https://github.com/php-fig/http-message.git",
                "reference": "85d63699f0dbedb190bbd4b0d2b9dc707ea4c298"
            },
            "dist": {
                "type": "zip",
                "url": "https://api.github.com/repos/php-fig/http-message/zipball/85d63699f0dbedb190bbd4b0d2b9dc707ea4c298",
                "reference": "85d63699f0dbedb190bbd4b0d2b9dc707ea4c298",
                "shasum": ""
            },
            "require": {
                "php": ">=5.3.0"
            },
            "type": "library",
            "extra": {
                "branch-alias": {
                    "dev-master": "1.0.x-dev"
                }
            },
            "autoload": {
                "psr-4": {
                    "Psr\\Http\\Message\\": "src/"
                }
            },
            "notification-url": "https://packagist.org/downloads/",
            "license": [
                "MIT"
            ],
            "authors": [
                {
                    "name": "PHP-FIG",
                    "homepage": "http://www.php-fig.org/"
                }
            ],
            "description": "Common interface for HTTP messages",
            "keywords": [
                "http",
                "http-message",
                "psr",
                "psr-7",
                "request",
                "response"
            ],
            "time": "2015-05-04 20:22:00"
        },
        {
            "name": "rdlowrey/auryn",
            "version": "1.1.0",
            "source": {
                "type": "git",
                "url": "https://github.com/rdlowrey/auryn.git",
                "reference": "f57eaf665a601dbe061c8b1426d84f58c003e6a8"
            },
            "dist": {
                "type": "zip",
                "url": "https://api.github.com/repos/rdlowrey/auryn/zipball/f57eaf665a601dbe061c8b1426d84f58c003e6a8",
                "reference": "f57eaf665a601dbe061c8b1426d84f58c003e6a8",
                "shasum": ""
            },
            "require": {
                "php": ">=5.3.0"
            },
            "require-dev": {
                "athletic/athletic": "~0.1",
                "fabpot/php-cs-fixer": "~1.9",
                "phpunit/phpunit": "^4.7"
            },
            "type": "library",
            "autoload": {
                "psr-4": {
                    "Auryn\\": "lib/"
                }
            },
            "notification-url": "https://packagist.org/downloads/",
            "license": [
                "MIT"
            ],
            "authors": [
                {
                    "name": "Dan Ackroyd",
                    "email": "Danack@basereality.com",
                    "homepage": "http://www.basereality.com",
                    "role": "Developer"
                },
                {
                    "name": "Levi Morrison",
                    "email": "levim@php.net",
                    "homepage": "http://morrisonlevi.github.com/",
                    "role": "Developer"
                },
                {
                    "name": "Daniel Lowrey",
                    "email": "rdlowrey@gmail.com",
                    "homepage": "https://github.com/rdlowrey",
                    "role": "Creator / Main Developer"
                }
            ],
            "description": "Auryn is a dependency injector for bootstrapping object-oriented PHP applications.",
            "homepage": "https://github.com/rdlowrey/auryn",
            "keywords": [
                "dependency injection",
                "dic",
                "ioc"
            ],
            "time": "2015-08-26 16:31:48"
        },
        {
            "name": "relay/middleware",
            "version": "0.1.0",
            "source": {
                "type": "git",
                "url": "https://github.com/relayphp/Relay.Middleware.git",
                "reference": "952cdcec622dee2d7ef9cf6970f37dbc5bcd255b"
            },
            "dist": {
                "type": "zip",
                "url": "https://api.github.com/repos/relayphp/Relay.Middleware/zipball/952cdcec622dee2d7ef9cf6970f37dbc5bcd255b",
                "reference": "952cdcec622dee2d7ef9cf6970f37dbc5bcd255b",
                "shasum": ""
            },
            "require": {
                "psr/http-message": "~1.0"
            },
            "require-dev": {
                "zendframework/zend-diactoros": "~1.0"
            },
            "type": "library",
            "autoload": {
                "psr-4": {
                    "Relay\\Middleware\\": "src/"
                }
            },
            "notification-url": "https://packagist.org/downloads/",
            "license": [
                "MIT"
            ],
            "description": "Basic Relay-compatible middleware decorators.",
            "time": "2015-07-23 14:13:15"
        },
        {
            "name": "relay/relay",
            "version": "1.0.0",
            "source": {
                "type": "git",
                "url": "https://github.com/relayphp/Relay.Relay.git",
                "reference": "277638ddafe184550d9c2441c23dd911d605a5ce"
            },
            "dist": {
                "type": "zip",
                "url": "https://api.github.com/repos/relayphp/Relay.Relay/zipball/277638ddafe184550d9c2441c23dd911d605a5ce",
                "reference": "277638ddafe184550d9c2441c23dd911d605a5ce",
                "shasum": ""
            },
            "require": {
                "php": ">=5.5.0",
                "psr/http-message": "~1.0"
            },
            "require-dev": {
                "zendframework/zend-diactoros": "~1.0"
            },
            "type": "library",
            "autoload": {
                "psr-4": {
                    "Relay\\": "src/"
                }
            },
            "notification-url": "https://packagist.org/downloads/",
            "license": [
                "MIT"
            ],
            "authors": [
                {
                    "name": "Relay.Relay Contributors",
                    "homepage": "https://github.com/relayphp/Relay.Relay/contributors"
                }
            ],
            "description": "A PSR-7 middleware dispatcher.",
            "homepage": "https://github.com/relayphp/Relay.Relay",
            "keywords": [
                "middleware",
                "psr-7"
            ],
            "time": "2015-10-14 20:15:30"
        },
        {
            "name": "sparkphp/adr",
            "version": "v0.2.3",
            "source": {
                "type": "git",
                "url": "https://github.com/sparkphp/adr.git",
                "reference": "7facb9b3f7f1aa5e100854c65cf8490aeb624f19"
            },
            "dist": {
                "type": "zip",
                "url": "https://api.github.com/repos/sparkphp/adr/zipball/7facb9b3f7f1aa5e100854c65cf8490aeb624f19",
                "reference": "7facb9b3f7f1aa5e100854c65cf8490aeb624f19",
                "shasum": ""
            },
            "require": {
                "psr/http-message": "^1.0",
                "sparkphp/domain": "~0.2"
            },
            "type": "library",
            "autoload": {
                "psr-4": {
                    "Spark\\Adr\\": "src/"
                }
            },
            "notification-url": "https://packagist.org/downloads/",
            "license": [
                "MIT"
            ],
            "authors": [
                {
                    "name": "Woody Gilk",
                    "email": "woody.gilk@gmail.com"
                },
                {
                    "name": "Daniel Olfelt",
                    "email": "dolfelt@gmail.com"
                }
            ],
            "description": "Interfaces for Action Domain Responder pattern",
            "time": "2015-08-26 15:42:52"
        },
        {
            "name": "sparkphp/auth",
            "version": "0.2.2",
            "source": {
                "type": "git",
                "url": "https://github.com/sparkphp/auth.git",
                "reference": "bb3014e8d077a29b1c286c96034dce9966bc14bd"
            },
            "dist": {
                "type": "zip",
                "url": "https://api.github.com/repos/sparkphp/auth/zipball/bb3014e8d077a29b1c286c96034dce9966bc14bd",
                "reference": "bb3014e8d077a29b1c286c96034dce9966bc14bd",
                "shasum": ""
            },
            "require": {
                "php": ">=5.5.0",
                "psr/http-message": "^1",
                "sparkphp/adr": "^0.2"
            },
            "require-dev": {
                "firebase/php-jwt": "^3",
                "lcobucci/jwt": "^3",
                "phake/phake": "^2",
                "phpunit/phpunit": "^4",
                "satooshi/php-coveralls": "^0.6"
            },
            "suggest": {
                "firebase/php-jwt": "For integrating JWT support with Jwt\\Firebase* classes",
                "lcobucci/jwt": "For integrating JWT support with Jwt\\Lcobucci* classes"
            },
            "type": "library",
            "autoload": {
                "psr-4": {
                    "Spark\\Auth\\": "src/"
                }
            },
            "notification-url": "https://packagist.org/downloads/",
            "license": [
                "MIT"
            ],
            "authors": [
                {
                    "name": "Daniel Olfelt",
                    "email": "dolfelt@gmail.com"
                }
            ],
            "description": "Simple middleware for handling authentication.",
            "time": "2015-11-13 20:29:10"
        },
        {
            "name": "sparkphp/domain",
            "version": "v0.2.0",
            "source": {
                "type": "git",
                "url": "https://github.com/sparkphp/domain.git",
                "reference": "ce8896bfaf7628874c1f2fc23f43e05c185bd516"
            },
            "dist": {
                "type": "zip",
                "url": "https://api.github.com/repos/sparkphp/domain/zipball/ce8896bfaf7628874c1f2fc23f43e05c185bd516",
                "reference": "ce8896bfaf7628874c1f2fc23f43e05c185bd516",
                "shasum": ""
            },
            "type": "library",
            "autoload": {
                "psr-4": {
                    "Spark\\Adr\\": "src/"
                }
            },
            "notification-url": "https://packagist.org/downloads/",
            "license": [
                "MIT"
            ],
            "authors": [
                {
                    "name": "Woody Gilk",
                    "email": "woody.gilk@gmail.com"
                },
                {
                    "name": "Daniel Olfelt",
                    "email": "dolfelt@gmail.com"
                }
            ],
            "description": "Interfaces for Domain and Payload pattern",
            "time": "2015-08-26 15:41:46"
        },
        {
            "name": "sparkphp/spark",
            "version": "v0.8.0",
            "source": {
                "type": "git",
                "url": "https://github.com/sparkphp/spark.git",
                "reference": "c504afb896ec20c14a14bdb597036683817f8896"
            },
            "dist": {
                "type": "zip",
                "url": "https://api.github.com/repos/sparkphp/spark/zipball/c504afb896ec20c14a14bdb597036683817f8896",
                "reference": "c504afb896ec20c14a14bdb597036683817f8896",
                "shasum": ""
            },
            "require": {
                "arbiter/arbiter": "~0.1",
                "nikic/fast-route": "~0.6",
                "php": ">=5.5.0",
                "rdlowrey/auryn": "~1.0",
                "relay/middleware": "~0.1",
                "relay/relay": "^1",
                "sparkphp/adr": "~0.2",
                "willdurand/negotiation": "~1.4",
                "zendframework/zend-diactoros": "~1.0"
            },
            "require-dev": {
                "league/plates": "~3.1",
                "phpunit/phpunit": "~4.8",
                "satooshi/php-coveralls": "~0.6"
            },
            "suggest": {
                "josegonzalez/dotenv": "For environment based configuration loading",
                "league/plates": "For simple HTML templates written in PHP"
            },
            "type": "library",
            "autoload": {
                "psr-4": {
                    "Spark\\": "src/"
                }
            },
            "notification-url": "https://packagist.org/downloads/",
            "license": [
                "MIT"
            ],
            "authors": [
                {
                    "name": "Daniel Olfelt",
                    "email": "dolfelt@gmail.com"
                },
                {
                    "name": "Woody Gilk",
                    "email": "hello@shadowhand.me"
                }
            ],
            "description": "A tiny framework that can start anything.",
            "time": "2015-12-04 20:01:36"
        },
        {
            "name": "willdurand/negotiation",
            "version": "1.5.0",
            "source": {
                "type": "git",
                "url": "https://github.com/willdurand/Negotiation.git",
                "reference": "2a59f2376557303e3fa91465ab691abb82945edf"
            },
            "dist": {
                "type": "zip",
                "url": "https://api.github.com/repos/willdurand/Negotiation/zipball/2a59f2376557303e3fa91465ab691abb82945edf",
                "reference": "2a59f2376557303e3fa91465ab691abb82945edf",
                "shasum": ""
            },
            "require": {
                "php": ">=5.3.0"
            },
            "type": "library",
            "extra": {
                "branch-alias": {
                    "dev-master": "1.5-dev"
                }
            },
            "autoload": {
                "psr-4": {
                    "Negotiation\\": "src/Negotiation"
                }
            },
            "notification-url": "https://packagist.org/downloads/",
            "license": [
                "MIT"
            ],
            "authors": [
                {
                    "name": "William Durand",
                    "email": "william.durand1@gmail.com"
                }
            ],
            "description": "Content Negotiation tools for PHP provided as a standalone library.",
            "homepage": "http://williamdurand.fr/Negotiation/",
            "keywords": [
                "accept",
                "content",
                "format",
                "header",
                "negotiation"
            ],
            "time": "2015-10-01 07:42:40"
        },
        {
            "name": "zendframework/zend-diactoros",
            "version": "1.2.0",
            "source": {
                "type": "git",
                "url": "https://github.com/zendframework/zend-diactoros.git",
                "reference": "edfda00b9831630c19c411f85f50a47bb66af457"
            },
            "dist": {
                "type": "zip",
                "url": "https://api.github.com/repos/zendframework/zend-diactoros/zipball/edfda00b9831630c19c411f85f50a47bb66af457",
                "reference": "edfda00b9831630c19c411f85f50a47bb66af457",
                "shasum": ""
            },
            "require": {
                "php": ">=5.4",
                "psr/http-message": "~1.0"
            },
            "provide": {
                "psr/http-message-implementation": "~1.0.0"
            },
            "require-dev": {
                "phpunit/phpunit": "~4.6",
                "squizlabs/php_codesniffer": "^2.3.1"
            },
            "type": "library",
            "extra": {
                "branch-alias": {
                    "dev-master": "1.2-dev",
                    "dev-develop": "1.3-dev"
                }
            },
            "autoload": {
                "psr-4": {
                    "Zend\\Diactoros\\": "src/"
                }
            },
            "notification-url": "https://packagist.org/downloads/",
            "license": [
                "BSD-2-Clause"
            ],
            "description": "PSR HTTP Message implementations",
            "homepage": "https://github.com/zendframework/zend-diactoros",
            "keywords": [
                "http",
                "psr",
                "psr-7"
            ],
            "time": "2015-11-24 19:16:22"
        }
    ],
    "packages-dev": [],
    "aliases": [],
    "minimum-stability": "stable",
    "stability-flags": [],
    "prefer-stable": false,
    "prefer-lowest": false,
    "platform": [],
    "platform-dev": []
}
